// !$*UTF8*$!
{
	archiveVersion = 1;
	classes = {
	};
	objectVersion = 55;
	objects = {

/* Begin PBXBuildFile section */
		67C916D727FEEF22004769BE /* InstagramSwiftUIApp.swift in Sources */ = {isa = PBXBuildFile; fileRef = 67C916D627FEEF22004769BE /* InstagramSwiftUIApp.swift */; };
		67C916D927FEEF22004769BE /* ContentView.swift in Sources */ = {isa = PBXBuildFile; fileRef = 67C916D827FEEF22004769BE /* ContentView.swift */; };
		67C916DB27FEEF23004769BE /* Assets.xcassets in Resources */ = {isa = PBXBuildFile; fileRef = 67C916DA27FEEF23004769BE /* Assets.xcassets */; };
		67C916DE27FEEF23004769BE /* Preview Assets.xcassets in Resources */ = {isa = PBXBuildFile; fileRef = 67C916DD27FEEF23004769BE /* Preview Assets.xcassets */; };
		67C916ED27FEF3D8004769BE /* PostGridView.swift in Sources */ = {isa = PBXBuildFile; fileRef = 67C916E427FEF3D7004769BE /* PostGridView.swift */; };
		67C916EE27FEF3D8004769BE /* UploadPostView.swift in Sources */ = {isa = PBXBuildFile; fileRef = 67C916E527FEF3D8004769BE /* UploadPostView.swift */; };
		67C916EF27FEF3D8004769BE /* MainTabView.swift in Sources */ = {isa = PBXBuildFile; fileRef = 67C916E627FEF3D8004769BE /* MainTabView.swift */; };
		67C916F027FEF3D8004769BE /* NotificationView.swift in Sources */ = {isa = PBXBuildFile; fileRef = 67C916E727FEF3D8004769BE /* NotificationView.swift */; };
		67C916F127FEF3D8004769BE /* FeedView.swift in Sources */ = {isa = PBXBuildFile; fileRef = 67C916E827FEF3D8004769BE /* FeedView.swift */; };
		67C916F227FEF3D8004769BE /* SearchView.swift in Sources */ = {isa = PBXBuildFile; fileRef = 67C916E927FEF3D8004769BE /* SearchView.swift */; };
		67C916F327FEF3D8004769BE /* ImagePicker.swift in Sources */ = {isa = PBXBuildFile; fileRef = 67C916EA27FEF3D8004769BE /* ImagePicker.swift */; };
		67C916F427FEF3D8004769BE /* UserListView.swift in Sources */ = {isa = PBXBuildFile; fileRef = 67C916EB27FEF3D8004769BE /* UserListView.swift */; };
		67C916F527FEF3D8004769BE /* ProfileView.swift in Sources */ = {isa = PBXBuildFile; fileRef = 67C916EC27FEF3D8004769BE /* ProfileView.swift */; };
		67C916F727FEF486004769BE /* LoginView.swift in Sources */ = {isa = PBXBuildFile; fileRef = 67C916F627FEF486004769BE /* LoginView.swift */; };
		67C916F927FEF495004769BE /* RegistrationView.swift in Sources */ = {isa = PBXBuildFile; fileRef = 67C916F827FEF495004769BE /* RegistrationView.swift */; };
/* End PBXBuildFile section */

/* Begin PBXFileReference section */
		67C916D327FEEF22004769BE /* InstagramSwiftUI.app */ = {isa = PBXFileReference; explicitFileType = wrapper.application; includeInIndex = 0; path = InstagramSwiftUI.app; sourceTree = BUILT_PRODUCTS_DIR; };
		67C916D627FEEF22004769BE /* InstagramSwiftUIApp.swift */ = {isa = PBXFileReference; lastKnownFileType = sourcecode.swift; path = InstagramSwiftUIApp.swift; sourceTree = "<group>"; };
		67C916D827FEEF22004769BE /* ContentView.swift */ = {isa = PBXFileReference; lastKnownFileType = sourcecode.swift; path = ContentView.swift; sourceTree = "<group>"; };
		67C916DA27FEEF23004769BE /* Assets.xcassets */ = {isa = PBXFileReference; lastKnownFileType = folder.assetcatalog; path = Assets.xcassets; sourceTree = "<group>"; };
		67C916DD27FEEF23004769BE /* Preview Assets.xcassets */ = {isa = PBXFileReference; lastKnownFileType = folder.assetcatalog; path = "Preview Assets.xcassets"; sourceTree = "<group>"; };
		67C916E427FEF3D7004769BE /* PostGridView.swift */ = {isa = PBXFileReference; fileEncoding = 4; lastKnownFileType = sourcecode.swift; path = PostGridView.swift; sourceTree = "<group>"; };
		67C916E527FEF3D8004769BE /* UploadPostView.swift */ = {isa = PBXFileReference; fileEncoding = 4; lastKnownFileType = sourcecode.swift; path = UploadPostView.swift; sourceTree = "<group>"; };
		67C916E627FEF3D8004769BE /* MainTabView.swift */ = {isa = PBXFileReference; fileEncoding = 4; lastKnownFileType = sourcecode.swift; path = MainTabView.swift; sourceTree = "<group>"; };
		67C916E727FEF3D8004769BE /* NotificationView.swift */ = {isa = PBXFileReference; fileEncoding = 4; lastKnownFileType = sourcecode.swift; path = NotificationView.swift; sourceTree = "<group>"; };
		67C916E827FEF3D8004769BE /* FeedView.swift */ = {isa = PBXFileReference; fileEncoding = 4; lastKnownFileType = sourcecode.swift; path = FeedView.swift; sourceTree = "<group>"; };
		67C916E927FEF3D8004769BE /* SearchView.swift */ = {isa = PBXFileReference; fileEncoding = 4; lastKnownFileType = sourcecode.swift; path = SearchView.swift; sourceTree = "<group>"; };
		67C916EA27FEF3D8004769BE /* ImagePicker.swift */ = {isa = PBXFileReference; fileEncoding = 4; lastKnownFileType = sourcecode.swift; path = ImagePicker.swift; sourceTree = "<group>"; };
		67C916EB27FEF3D8004769BE /* UserListView.swift */ = {isa = PBXFileReference; fileEncoding = 4; lastKnownFileType = sourcecode.swift; path = UserListView.swift; sourceTree = "<group>"; };
		67C916EC27FEF3D8004769BE /* ProfileView.swift */ = {isa = PBXFileReference; fileEncoding = 4; lastKnownFileType = sourcecode.swift; path = ProfileView.swift; sourceTree = "<group>"; };
		67C916F627FEF486004769BE /* LoginView.swift */ = {isa = PBXFileReference; lastKnownFileType = sourcecode.swift; path = LoginView.swift; sourceTree = "<group>"; };
		67C916F827FEF495004769BE /* RegistrationView.swift */ = {isa = PBXFileReference; lastKnownFileType = sourcecode.swift; path = RegistrationView.swift; sourceTree = "<group>"; };
/* End PBXFileReference section */

/* Begin PBXFrameworksBuildPhase section */
		67C916D027FEEF22004769BE /* Frameworks */ = {
			isa = PBXFrameworksBuildPhase;
			buildActionMask = 2147483647;
			files = (
			);
			runOnlyForDeploymentPostprocessing = 0;
		};
/* End PBXFrameworksBuildPhase section */

/* Begin PBXGroup section */
		67C916CA27FEEF22004769BE = {
			isa = PBXGroup;
			children = (
				67C916D527FEEF22004769BE /* InstagramSwiftUI */,
				67C916D427FEEF22004769BE /* Products */,
			);
			sourceTree = "<group>";
		};
		67C916D427FEEF22004769BE /* Products */ = {
			isa = PBXGroup;
			children = (
				67C916D327FEEF22004769BE /* InstagramSwiftUI.app */,
			);
			name = Products;
			sourceTree = "<group>";
		};
		67C916D527FEEF22004769BE /* InstagramSwiftUI */ = {
			isa = PBXGroup;
			children = (
				67C916D627FEEF22004769BE /* InstagramSwiftUIApp.swift */,
				67C916D827FEEF22004769BE /* ContentView.swift */,
				67C916F627FEF486004769BE /* LoginView.swift */,
				67C916F827FEF495004769BE /* RegistrationView.swift */,
				67C916E827FEF3D8004769BE /* FeedView.swift */,
				67C916EA27FEF3D8004769BE /* ImagePicker.swift */,
				67C916E627FEF3D8004769BE /* MainTabView.swift */,
				67C916E727FEF3D8004769BE /* NotificationView.swift */,
				67C916E427FEF3D7004769BE /* PostGridView.swift */,
				67C916EC27FEF3D8004769BE /* ProfileView.swift */,
				67C916E927FEF3D8004769BE /* SearchView.swift */,
				67C916E527FEF3D8004769BE /* UploadPostView.swift */,
				67C916EB27FEF3D8004769BE /* UserListView.swift */,
				67C916DA27FEEF23004769BE /* Assets.xcassets */,
				67C916DC27FEEF23004769BE /* Preview Content */,
			);
			path = InstagramSwiftUI;
			sourceTree = "<group>";
		};
		67C916DC27FEEF23004769BE /* Preview Content */ = {
			isa = PBXGroup;
			children = (
				67C916DD27FEEF23004769BE /* Preview Assets.xcassets */,
			);
			path = "Preview Content";
			sourceTree = "<group>";
		};
/* End PBXGroup section */

/* Begin PBXNativeTarget section */
		67C916D227FEEF22004769BE /* InstagramSwiftUI */ = {
			isa = PBXNativeTarget;
			buildConfigurationList = 67C916E127FEEF23004769BE /* Build configuration list for PBXNativeTarget "InstagramSwiftUI" */;
			buildPhases = (
				67C916CF27FEEF22004769BE /* Sources */,
				67C916D027FEEF22004769BE /* Frameworks */,
				67C916D127FEEF22004769BE /* Resources */,
			);
			buildRules = (
			);
			dependencies = (
			);
			name = InstagramSwiftUI;
			productName = InstagramSwiftUI;
			productReference = 67C916D327FEEF22004769BE /* InstagramSwiftUI.app */;
			productType = "com.apple.product-type.application";
		};
/* End PBXNativeTarget section */

/* Begin PBXProject section */
		67C916CB27FEEF22004769BE /* Project object */ = {
			isa = PBXProject;
			attributes = {
				BuildIndependentTargetsInParallel = 1;
				LastSwiftUpdateCheck = 1330;
				LastUpgradeCheck = 1330;
				TargetAttributes = {
					67C916D227FEEF22004769BE = {
						CreatedOnToolsVersion = 13.3;
					};
				};
			};
			buildConfigurationList = 67C916CE27FEEF22004769BE /* Build configuration list for PBXProject "InstagramSwiftUI" */;
			compatibilityVersion = "Xcode 13.0";
			developmentRegion = en;
			hasScannedForEncodings = 0;
			knownRegions = (
				en,
				Base,
			);
			mainGroup = 67C916CA27FEEF22004769BE;
			productRefGroup = 67C916D427FEEF22004769BE /* Products */;
			projectDirPath = "";
			projectRoot = "";
			targets = (
				67C916D227FEEF22004769BE /* InstagramSwiftUI */,
			);
		};
/* End PBXProject section */

/* Begin PBXResourcesBuildPhase section */
		67C916D127FEEF22004769BE /* Resources */ = {
			isa = PBXResourcesBuildPhase;
			buildActionMask = 2147483647;
			files = (
				67C916DE27FEEF23004769BE /* Preview Assets.xcassets in Resources */,
				67C916DB27FEEF23004769BE /* Assets.xcassets in Resources */,
			);
			runOnlyForDeploymentPostprocessing = 0;
		};
/* End PBXResourcesBuildPhase section */

/* Begin PBXSourcesBuildPhase section */
		67C916CF27FEEF22004769BE /* Sources */ = {
			isa = PBXSourcesBuildPhase;
			buildActionMask = 2147483647;
			files = (
				67C916F127FEF3D8004769BE /* FeedView.swift in Sources */,
				67C916F427FEF3D8004769BE /* UserListView.swift in Sources */,
				67C916D927FEEF22004769BE /* ContentView.swift in Sources */,
				67C916F927FEF495004769BE /* RegistrationView.swift in Sources */,
				67C916EE27FEF3D8004769BE /* UploadPostView.swift in Sources */,
				67C916F327FEF3D8004769BE /* ImagePicker.swift in Sources */,
				67C916D727FEEF22004769BE /* InstagramSwiftUIApp.swift in Sources */,
				67C916F727FEF486004769BE /* LoginView.swift in Sources */,
				67C916F227FEF3D8004769BE /* SearchView.swift in Sources */,
				67C916ED27FEF3D8004769BE /* PostGridView.swift in Sources */,
				67C916EF27FEF3D8004769BE /* MainTabView.swift in Sources */,
				67C916F527FEF3D8004769BE /* ProfileView.swift in Sources */,
				67C916F027FEF3D8004769BE /* NotificationView.swift in Sources */,
			);
			runOnlyForDeploymentPostprocessing = 0;
		};
/* End PBXSourcesBuildPhase section */

/* Begin XCBuildConfiguration section */
		67C916DF27FEEF23004769BE /* Debug */ = {
			isa = XCBuildConfiguration;
			buildSettings = {
				ALWAYS_SEARCH_USER_PATHS = NO;
				CLANG_ANALYZER_NONNULL = YES;
				CLANG_ANALYZER_NUMBER_OBJECT_CONVERSION = YES_AGGRESSIVE;
				CLANG_CXX_LANGUAGE_STANDARD = "gnu++17";
				CLANG_ENABLE_MODULES = YES;
				CLANG_ENABLE_OBJC_ARC = YES;
				CLANG_ENABLE_OBJC_WEAK = YES;
				CLANG_WARN_BLOCK_CAPTURE_AUTORELEASING = YES;
				CLANG_WARN_BOOL_CONVERSION = YES;
				CLANG_WARN_COMMA = YES;
				CLANG_WARN_CONSTANT_CONVERSION = YES;
				CLANG_WARN_DEPRECATED_OBJC_IMPLEMENTATIONS = YES;
				CLANG_WARN_DIRECT_OBJC_ISA_USAGE = YES_ERROR;
				CLANG_WARN_DOCUMENTATION_COMMENTS = YES;
				CLANG_WARN_EMPTY_BODY = YES;
				CLANG_WARN_ENUM_CONVERSION = YES;
				CLANG_WARN_INFINITE_RECURSION = YES;
				CLANG_WARN_INT_CONVERSION = YES;
				CLANG_WARN_NON_LITERAL_NULL_CONVERSION = YES;
				CLANG_WARN_OBJC_IMPLICIT_RETAIN_SELF = YES;
				CLANG_WARN_OBJC_LITERAL_CONVERSION = YES;
				CLANG_WARN_OBJC_ROOT_CLASS = YES_ERROR;
				CLANG_WARN_QUOTED_INCLUDE_IN_FRAMEWORK_HEADER = YES;
				CLANG_WARN_RANGE_LOOP_ANALYSIS = YES;
				CLANG_WARN_STRICT_PROTOTYPES = YES;
				CLANG_WARN_SUSPICIOUS_MOVE = YES;
				CLANG_WARN_UNGUARDED_AVAILABILITY = YES_AGGRESSIVE;
				CLANG_WARN_UNREACHABLE_CODE = YES;
				CLANG_WARN__DUPLICATE_METHOD_MATCH = YES;
				COPY_PHASE_STRIP = NO;
				DEBUG_INFORMATION_FORMAT = dwarf;
				ENABLE_STRICT_OBJC_MSGSEND = YES;
				ENABLE_TESTABILITY = YES;
				GCC_C_LANGUAGE_STANDARD = gnu11;
				GCC_DYNAMIC_NO_PIC = NO;
				GCC_NO_COMMON_BLOCKS = YES;
				GCC_OPTIMIZATION_LEVEL = 0;
				GCC_PREPROCESSOR_DEFINITIONS = (
					"DEBUG=1",
					"$(inherited)",
				);
				GCC_WARN_64_TO_32_BIT_CONVERSION = YES;
				GCC_WARN_ABOUT_RETURN_TYPE = YES_ERROR;
				GCC_WARN_UNDECLARED_SELECTOR = YES;
				GCC_WARN_UNINITIALIZED_AUTOS = YES_AGGRESSIVE;
				GCC_WARN_UNUSED_FUNCTION = YES;
				GCC_WARN_UNUSED_VARIABLE = YES;
				IPHONEOS_DEPLOYMENT_TARGET = 15.4;
				MTL_ENABLE_DEBUG_INFO = INCLUDE_SOURCE;
				MTL_FAST_MATH = YES;
				ONLY_ACTIVE_ARCH = YES;
				SDKROOT = iphoneos;
				SWIFT_ACTIVE_COMPILATION_CONDITIONS = DEBUG;
				SWIFT_OPTIMIZATION_LEVEL = "-Onone";
			};
			name = Debug;
		};
		67C916E027FEEF23004769BE /* Release */ = {
			isa = XCBuildConfiguration;
			buildSettings = {
				ALWAYS_SEARCH_USER_PATHS = NO;
				CLANG_ANALYZER_NONNULL = YES;
				CLANG_ANALYZER_NUMBER_OBJECT_CONVERSION = YES_AGGRESSIVE;
				CLANG_CXX_LANGUAGE_STANDARD = "gnu++17";
				CLANG_ENABLE_MODULES = YES;
				CLANG_ENABLE_OBJC_ARC = YES;
				CLANG_ENABLE_OBJC_WEAK = YES;
				CLANG_WARN_BLOCK_CAPTURE_AUTORELEASING = YES;
				CLANG_WARN_BOOL_CONVERSION = YES;
				CLANG_WARN_COMMA = YES;
				CLANG_WARN_CONSTANT_CONVERSION = YES;
				CLANG_WARN_DEPRECATED_OBJC_IMPLEMENTATIONS = YES;
				CLANG_WARN_DIRECT_OBJC_ISA_USAGE = YES_ERROR;
				CLANG_WARN_DOCUMENTATION_COMMENTS = YES;
				CLANG_WARN_EMPTY_BODY = YES;
				CLANG_WARN_ENUM_CONVERSION = YES;
				CLANG_WARN_INFINITE_RECURSION = YES;
				CLANG_WARN_INT_CONVERSION = YES;
				CLANG_WARN_NON_LITERAL_NULL_CONVERSION = YES;
				CLANG_WARN_OBJC_IMPLICIT_RETAIN_SELF = YES;
				CLANG_WARN_OBJC_LITERAL_CONVERSION = YES;
				CLANG_WARN_OBJC_ROOT_CLASS = YES_ERROR;
				CLANG_WARN_QUOTED_INCLUDE_IN_FRAMEWORK_HEADER = YES;
				CLANG_WARN_RANGE_LOOP_ANALYSIS = YES;
				CLANG_WARN_STRICT_PROTOTYPES = YES;
				CLANG_WARN_SUSPICIOUS_MOVE = YES;
				CLANG_WARN_UNGUARDED_AVAILABILITY = YES_AGGRESSIVE;
				CLANG_WARN_UNREACHABLE_CODE = YES;
				CLANG_WARN__DUPLICATE_METHOD_MATCH = YES;
				COPY_PHASE_STRIP = NO;
				DEBUG_INFORMATION_FORMAT = "dwarf-with-dsym";
				ENABLE_NS_ASSERTIONS = NO;
				ENABLE_STRICT_OBJC_MSGSEND = YES;
				GCC_C_LANGUAGE_STANDARD = gnu11;
				GCC_NO_COMMON_BLOCKS = YES;
				GCC_WARN_64_TO_32_BIT_CONVERSION = YES;
				GCC_WARN_ABOUT_RETURN_TYPE = YES_ERROR;
				GCC_WARN_UNDECLARED_SELECTOR = YES;
				GCC_WARN_UNINITIALIZED_AUTOS = YES_AGGRESSIVE;
				GCC_WARN_UNUSED_FUNCTION = YES;
				GCC_WARN_UNUSED_VARIABLE = YES;
				IPHONEOS_DEPLOYMENT_TARGET = 15.4;
				MTL_ENABLE_DEBUG_INFO = NO;
				MTL_FAST_MATH = YES;
				SDKROOT = iphoneos;
				SWIFT_COMPILATION_MODE = wholemodule;
				SWIFT_OPTIMIZATION_LEVEL = "-O";
				VALIDATE_PRODUCT = YES;
			};
			name = Release;
		};
		67C916E227FEEF23004769BE /* Debug */ = {
			isa = XCBuildConfiguration;
			buildSettings = {
				ASSETCATALOG_COMPILER_APPICON_NAME = AppIcon;
				ASSETCATALOG_COMPILER_GLOBAL_ACCENT_COLOR_NAME = AccentColor;
				CODE_SIGN_STYLE = Automatic;
				CURRENT_PROJECT_VERSION = 1;
				DEVELOPMENT_ASSET_PATHS = "\"InstagramSwiftUI/Preview Content\"";
				DEVELOPMENT_TEAM = 4J6TZ3Z675;
				ENABLE_PREVIEWS = YES;
				GENERATE_INFOPLIST_FILE = YES;
				INFOPLIST_KEY_UIApplicationSceneManifest_Generation = YES;
				INFOPLIST_KEY_UIApplicationSupportsIndirectInputEvents = YES;
				INFOPLIST_KEY_UILaunchScreen_Generation = YES;
				INFOPLIST_KEY_UISupportedInterfaceOrientations_iPad = "UIInterfaceOrientationPortrait UIInterfaceOrientationPortraitUpsideDown UIInterfaceOrientationLandscapeLeft UIInterfaceOrientationLandscapeRight";
				INFOPLIST_KEY_UISupportedInterfaceOrientations_iPhone = "UIInterfaceOrientationPortrait UIInterfaceOrientationLandscapeLeft UIInterfaceOrientationLandscapeRight";
				LD_RUNPATH_SEARCH_PATHS = (
					"$(inherited)",
					"@executable_path/Frameworks",
				);
				MARKETING_VERSION = 1.0;
				PRODUCT_BUNDLE_IDENTIFIER = com.nasir.farmani.InstagramSwiftUI;
				PRODUCT_NAME = "$(TARGET_NAME)";
				SWIFT_EMIT_LOC_STRINGS = YES;
				SWIFT_VERSION = 5.0;
				TARGETED_DEVICE_FAMILY = "1,2";
			};
			name = Debug;
		};
		67C916E327FEEF23004769BE /* Release */ = {
			isa = XCBuildConfiguration;
			buildSettings = {
				ASSETCATALOG_COMPILER_APPICON_NAME = AppIcon;
				ASSETCATALOG_COMPILER_GLOBAL_ACCENT_COLOR_NAME = AccentColor;
				CODE_SIGN_STYLE = Automatic;
				CURRENT_PROJECT_VERSION = 1;
				DEVELOPMENT_ASSET_PATHS = "\"InstagramSwiftUI/Preview Content\"";
				DEVELOPMENT_TEAM = 4J6TZ3Z675;
				ENABLE_PREVIEWS = YES;
				GENERATE_INFOPLIST_FILE = YES;
				INFOPLIST_KEY_UIApplicationSceneManifest_Generation = YES;
				INFOPLIST_KEY_UIApplicationSupportsIndirectInputEvents = YES;
				INFOPLIST_KEY_UILaunchScreen_Generation = YES;
				INFOPLIST_KEY_UISupportedInterfaceOrientations_iPad = "UIInterfaceOrientationPortrait UIInterfaceOrientationPortraitUpsideDown UIInterfaceOrientationLandscapeLeft UIInterfaceOrientationLandscapeRight";
				INFOPLIST_KEY_UISupportedInterfaceOrientations_iPhone = "UIInterfaceOrientationPortrait UIInterfaceOrientationLandscapeLeft UIInterfaceOrientationLandscapeRight";
				LD_RUNPATH_SEARCH_PATHS = (
					"$(inherited)",
					"@executable_path/Frameworks",
				);
				MARKETING_VERSION = 1.0;
				PRODUCT_BUNDLE_IDENTIFIER = com.nasir.farmani.InstagramSwiftUI;
				PRODUCT_NAME = "$(TARGET_NAME)";
				SWIFT_EMIT_LOC_STRINGS = YES;
				SWIFT_VERSION = 5.0;
				TARGETED_DEVICE_FAMILY = "1,2";
			};
			name = Release;
		};
/* End XCBuildConfiguration section */

/* Begin XCConfigurationList section */
		67C916CE27FEEF22004769BE /* Build configuration list for PBXProject "InstagramSwiftUI" */ = {
			isa = XCConfigurationList;
			buildConfigurations = (
				67C916DF27FEEF23004769BE /* Debug */,
				67C916E027FEEF23004769BE /* Release */,
			);
			defaultConfigurationIsVisible = 0;
			defaultConfigurationName = Release;
		};
		67C916E127FEEF23004769BE /* Build configuration list for PBXNativeTarget "InstagramSwiftUI" */ = {
			isa = XCConfigurationList;
			buildConfigurations = (
				67C916E227FEEF23004769BE /* Debug */,
				67C916E327FEEF23004769BE /* Release */,
			);
			defaultConfigurationIsVisible = 0;
			defaultConfigurationName = Release;
		};
/* End XCConfigurationList section */
	};
	rootObject = 67C916CB27FEEF22004769BE /* Project object */;
}
